
Microsoft Visual Studio Solution File, Format Version 12.00
# Visual Studio Version 17
VisualStudioVersion = 17.7.34031.279
MinimumVisualStudioVersion = 10.0.40219.1
Project("{FAE04EC0-301F-11D3-BF4B-00C04F79EFBC}") = "ListName", "ListName.csproj", "{02CE027F-99C1-4810-BB5D-1014D1FE98ED}"
EndProject
Global
	GlobalSection(SolutionConfigurationPlatforms) = preSolution
		Debug|Any CPU = Debug|Any CPU
		Release|Any CPU = Release|Any CPU
	EndGlobalSection
	GlobalSection(ProjectConfigurationPlatforms) = postSolution
		{02CE027F-99C1-4810-BB5D-1014D1FE98ED}.Debug|Any CPU.ActiveCfg = Debug|Any CPU
		{02CE027F-99C1-4810-BB5D-1014D1FE98ED}.Debug|Any CPU.Build.0 = Debug|Any CPU
		{02CE027F-99C1-4810-BB5D-1014D1FE98ED}.Release|Any CPU.ActiveCfg = Release|Any CPU
		{02CE027F-99C1-4810-BB5D-1014D1FE98ED}.Release|Any CPU.Build.0 = Release|Any CPU
	EndGlobalSection
	GlobalSection(SolutionProperties) = preSolution
		HideSolutionNode = FALSE
	EndGlobalSection
	GlobalSection(ExtensibilityGlobals) = postSolution
		SolutionGuid = {D89FCE08-DEDB-41A8-97EA-C8C8ED7CB5D4}
	EndGlobalSection
EndGlobal
